
Microsoft Visual Studio Solution File, Format Version 12.00
# Visual Studio 15
VisualStudioVersion = 15.0.28307.489
MinimumVisualStudioVersion = 10.0.40219.1
Project("{8BC9CEB8-8B4A-11D0-8D11-00A0C91BC942}") = "Password_Generator_WinAPI", "Password_Generator_WinAPI\Password_Generator_WinAPI.vcxproj", "{B8DADD95-FE0C-4EBA-849A-6591057FDB72}"
EndProject
Project("{54435603-DBB4-11D2-8724-00A0C9A8B90C}") = "PassGenSetup", "Password_Generator_WinAPI\PassGenSetup.vdproj", "{76B8633C-5FA7-4ECD-8231-B2FFDF0E92B3}"
EndProject
Global
	GlobalSection(SolutionConfigurationPlatforms) = preSolution
		Debug|x64 = Debug|x64
		Debug|x86 = Debug|x86
		Release|x64 = Release|x64
		Release|x86 = Release|x86
	EndGlobalSection
	GlobalSection(ProjectConfigurationPlatforms) = postSolution
		{B8DADD95-FE0C-4EBA-849A-6591057FDB72}.Debug|x64.ActiveCfg = Debug|Win32
		{B8DADD95-FE0C-4EBA-849A-6591057FDB72}.Debug|x64.Build.0 = Debug|Win32
		{B8DADD95-FE0C-4EBA-849A-6591057FDB72}.Debug|x86.ActiveCfg = Debug|Win32
		{B8DADD95-FE0C-4EBA-849A-6591057FDB72}.Debug|x86.Build.0 = Debug|Win32
		{B8DADD95-FE0C-4EBA-849A-6591057FDB72}.Release|x64.ActiveCfg = Release|Win32
		{B8DADD95-FE0C-4EBA-849A-6591057FDB72}.Release|x64.Build.0 = Release|Win32
		{B8DADD95-FE0C-4EBA-849A-6591057FDB72}.Release|x86.ActiveCfg = Release|Win32
		{B8DADD95-FE0C-4EBA-849A-6591057FDB72}.Release|x86.Build.0 = Release|Win32
		{76B8633C-5FA7-4ECD-8231-B2FFDF0E92B3}.Debug|x64.ActiveCfg = Debug
		{76B8633C-5FA7-4ECD-8231-B2FFDF0E92B3}.Debug|x86.ActiveCfg = Debug
		{76B8633C-5FA7-4ECD-8231-B2FFDF0E92B3}.Release|x64.ActiveCfg = Release
		{76B8633C-5FA7-4ECD-8231-B2FFDF0E92B3}.Release|x86.ActiveCfg = Release
	EndGlobalSection
	GlobalSection(SolutionProperties) = preSolution
		HideSolutionNode = FALSE
	EndGlobalSection
	GlobalSection(ExtensibilityGlobals) = postSolution
		SolutionGuid = {3A38C9BC-6ECC-486D-9EAA-02FA85186B7D}
	EndGlobalSection
EndGlobal
